
Microsoft Visual Studio Solution File, Format Version 12.00
# Visual Studio 15
VisualStudioVersion = 15.0.27004.2002
MinimumVisualStudioVersion = 10.0.40219.1
Project("{FAE04EC0-301F-11D3-BF4B-00C04F79EFBC}") = "DAL", "DAL\DAL.csproj", "{104C0CD3-2C63-4E22-9A2B-5E6E8FC311D3}"
EndProject
Project("{FAE04EC0-301F-11D3-BF4B-00C04F79EFBC}") = "Demo", "Demo\Demo.csproj", "{36A8DFD8-0B7C-4697-B625-10FE9A32AC7F}"
EndProject
Project("{9A19103F-16F7-4668-BE54-9A1E7A4F7556}") = "Riganti.Utils.Infrastructure.EntityFramework", "Infrastructure\Riganti.Utils.Infrastructure.EntityFramework\Riganti.Utils.Infrastructure.EntityFramework.csproj", "{F00EFB05-01D0-43FA-9ECC-08A8F1C2812B}"
EndProject
Project("{9A19103F-16F7-4668-BE54-9A1E7A4F7556}") = "Riganti.Utils.Infrastructure.Logging", "Infrastructure\Riganti.Utils.Infrastructure.Logging\Riganti.Utils.Infrastructure.Logging.csproj", "{38EE3DD3-45DC-4D4B-AA71-664C613189FF}"
EndProject
Project("{9A19103F-16F7-4668-BE54-9A1E7A4F7556}") = "Riganti.Utils.Infrastructure.Logging.ApplicationInsights", "Infrastructure\Riganti.Utils.Infrastructure.Logging.ApplicationInsights\Riganti.Utils.Infrastructure.Logging.ApplicationInsights.csproj", "{E5464B90-3F29-4086-9142-F5771E658579}"
EndProject
Project("{9A19103F-16F7-4668-BE54-9A1E7A4F7556}") = "Riganti.Utils.Infrastructure.Logging.Email", "Infrastructure\Riganti.Utils.Infrastructure.Logging.Email\Riganti.Utils.Infrastructure.Logging.Email.csproj", "{4ED97B15-1EFA-4D2E-A90D-E4A5F70B46A7}"
EndProject
Project("{9A19103F-16F7-4668-BE54-9A1E7A4F7556}") = "Riganti.Utils.Infrastructure.Services", "Infrastructure\Riganti.Utils.Infrastructure.Services\Riganti.Utils.Infrastructure.Services.csproj", "{049128C8-F21F-489C-8FE4-7324BE92B056}"
EndProject
Project("{9A19103F-16F7-4668-BE54-9A1E7A4F7556}") = "Riganti.Utils.Infrastructure.Services.Mailing", "Infrastructure\Riganti.Utils.Infrastructure.Services.Mailing\Riganti.Utils.Infrastructure.Services.Mailing.csproj", "{603D181D-2333-493B-895E-77DAC9C28FD7}"
EndProject
Project("{FAE04EC0-301F-11D3-BF4B-00C04F79EFBC}") = "BussinessLayer", "BussinessLayer\BussinessLayer.csproj", "{4B08816A-0E3D-4090-BF45-CB964B6B66C5}"
EndProject
Project("{9A19103F-16F7-4668-BE54-9A1E7A4F7556}") = "Riganti.Utils.Infrastructure.Core", "Infrastructure\Riganti.Utils.Infrastructure.Core\Riganti.Utils.Infrastructure.Core.csproj", "{A0E083F9-3E3E-4624-85CB-A5B0FB5D276D}"
EndProject
Project("{FAE04EC0-301F-11D3-BF4B-00C04F79EFBC}") = "QueryInfrastracture", "QueryInfrastracture\QueryInfrastracture.csproj", "{1DC614D8-28E7-4465-99F3-A1911DFC9B77}"
EndProject
Project("{FAE04EC0-301F-11D3-BF4B-00C04F79EFBC}") = "QueryInfrastructureEntityFramework", "QueryInfrastructureEntityFramework\QueryInfrastructureEntityFramework.csproj", "{40452359-CC17-4A90-8560-E04D1D7E4193}"
EndProject
Global
	GlobalSection(SolutionConfigurationPlatforms) = preSolution
		Debug|Any CPU = Debug|Any CPU
		Release|Any CPU = Release|Any CPU
	EndGlobalSection
	GlobalSection(ProjectConfigurationPlatforms) = postSolution
		{104C0CD3-2C63-4E22-9A2B-5E6E8FC311D3}.Debug|Any CPU.ActiveCfg = Debug|Any CPU
		{104C0CD3-2C63-4E22-9A2B-5E6E8FC311D3}.Debug|Any CPU.Build.0 = Debug|Any CPU
		{104C0CD3-2C63-4E22-9A2B-5E6E8FC311D3}.Release|Any CPU.ActiveCfg = Release|Any CPU
		{104C0CD3-2C63-4E22-9A2B-5E6E8FC311D3}.Release|Any CPU.Build.0 = Release|Any CPU
		{36A8DFD8-0B7C-4697-B625-10FE9A32AC7F}.Debug|Any CPU.ActiveCfg = Debug|Any CPU
		{36A8DFD8-0B7C-4697-B625-10FE9A32AC7F}.Debug|Any CPU.Build.0 = Debug|Any CPU
		{36A8DFD8-0B7C-4697-B625-10FE9A32AC7F}.Release|Any CPU.ActiveCfg = Release|Any CPU
		{36A8DFD8-0B7C-4697-B625-10FE9A32AC7F}.Release|Any CPU.Build.0 = Release|Any CPU
		{F00EFB05-01D0-43FA-9ECC-08A8F1C2812B}.Debug|Any CPU.ActiveCfg = Debug|Any CPU
		{F00EFB05-01D0-43FA-9ECC-08A8F1C2812B}.Debug|Any CPU.Build.0 = Debug|Any CPU
		{F00EFB05-01D0-43FA-9ECC-08A8F1C2812B}.Release|Any CPU.ActiveCfg = Release|Any CPU
		{F00EFB05-01D0-43FA-9ECC-08A8F1C2812B}.Release|Any CPU.Build.0 = Release|Any CPU
		{38EE3DD3-45DC-4D4B-AA71-664C613189FF}.Debug|Any CPU.ActiveCfg = Debug|Any CPU
		{38EE3DD3-45DC-4D4B-AA71-664C613189FF}.Debug|Any CPU.Build.0 = Debug|Any CPU
		{38EE3DD3-45DC-4D4B-AA71-664C613189FF}.Release|Any CPU.ActiveCfg = Release|Any CPU
		{38EE3DD3-45DC-4D4B-AA71-664C613189FF}.Release|Any CPU.Build.0 = Release|Any CPU
		{E5464B90-3F29-4086-9142-F5771E658579}.Debug|Any CPU.ActiveCfg = Debug|Any CPU
		{E5464B90-3F29-4086-9142-F5771E658579}.Debug|Any CPU.Build.0 = Debug|Any CPU
		{E5464B90-3F29-4086-9142-F5771E658579}.Release|Any CPU.ActiveCfg = Release|Any CPU
		{E5464B90-3F29-4086-9142-F5771E658579}.Release|Any CPU.Build.0 = Release|Any CPU
		{4ED97B15-1EFA-4D2E-A90D-E4A5F70B46A7}.Debug|Any CPU.ActiveCfg = Debug|Any CPU
		{4ED97B15-1EFA-4D2E-A90D-E4A5F70B46A7}.Debug|Any CPU.Build.0 = Debug|Any CPU
		{4ED97B15-1EFA-4D2E-A90D-E4A5F70B46A7}.Release|Any CPU.ActiveCfg = Release|Any CPU
		{4ED97B15-1EFA-4D2E-A90D-E4A5F70B46A7}.Release|Any CPU.Build.0 = Release|Any CPU
		{049128C8-F21F-489C-8FE4-7324BE92B056}.Debug|Any CPU.ActiveCfg = Debug|Any CPU
		{049128C8-F21F-489C-8FE4-7324BE92B056}.Debug|Any CPU.Build.0 = Debug|Any CPU
		{049128C8-F21F-489C-8FE4-7324BE92B056}.Release|Any CPU.ActiveCfg = Release|Any CPU
		{049128C8-F21F-489C-8FE4-7324BE92B056}.Release|Any CPU.Build.0 = Release|Any CPU
		{603D181D-2333-493B-895E-77DAC9C28FD7}.Debug|Any CPU.ActiveCfg = Debug|Any CPU
		{603D181D-2333-493B-895E-77DAC9C28FD7}.Debug|Any CPU.Build.0 = Debug|Any CPU
		{603D181D-2333-493B-895E-77DAC9C28FD7}.Release|Any CPU.ActiveCfg = Release|Any CPU
		{603D181D-2333-493B-895E-77DAC9C28FD7}.Release|Any CPU.Build.0 = Release|Any CPU
		{4B08816A-0E3D-4090-BF45-CB964B6B66C5}.Debug|Any CPU.ActiveCfg = Debug|Any CPU
		{4B08816A-0E3D-4090-BF45-CB964B6B66C5}.Debug|Any CPU.Build.0 = Debug|Any CPU
		{4B08816A-0E3D-4090-BF45-CB964B6B66C5}.Release|Any CPU.ActiveCfg = Release|Any CPU
		{4B08816A-0E3D-4090-BF45-CB964B6B66C5}.Release|Any CPU.Build.0 = Release|Any CPU
		{A0E083F9-3E3E-4624-85CB-A5B0FB5D276D}.Debug|Any CPU.ActiveCfg = Debug|Any CPU
		{A0E083F9-3E3E-4624-85CB-A5B0FB5D276D}.Debug|Any CPU.Build.0 = Debug|Any CPU
		{A0E083F9-3E3E-4624-85CB-A5B0FB5D276D}.Release|Any CPU.ActiveCfg = Release|Any CPU
		{A0E083F9-3E3E-4624-85CB-A5B0FB5D276D}.Release|Any CPU.Build.0 = Release|Any CPU
		{1DC614D8-28E7-4465-99F3-A1911DFC9B77}.Debug|Any CPU.ActiveCfg = Debug|Any CPU
		{1DC614D8-28E7-4465-99F3-A1911DFC9B77}.Debug|Any CPU.Build.0 = Debug|Any CPU
		{1DC614D8-28E7-4465-99F3-A1911DFC9B77}.Release|Any CPU.ActiveCfg = Release|Any CPU
		{1DC614D8-28E7-4465-99F3-A1911DFC9B77}.Release|Any CPU.Build.0 = Release|Any CPU
		{40452359-CC17-4A90-8560-E04D1D7E4193}.Debug|Any CPU.ActiveCfg = Debug|Any CPU
		{40452359-CC17-4A90-8560-E04D1D7E4193}.Debug|Any CPU.Build.0 = Debug|Any CPU
		{40452359-CC17-4A90-8560-E04D1D7E4193}.Release|Any CPU.ActiveCfg = Release|Any CPU
		{40452359-CC17-4A90-8560-E04D1D7E4193}.Release|Any CPU.Build.0 = Release|Any CPU
	EndGlobalSection
	GlobalSection(SolutionProperties) = preSolution
		HideSolutionNode = FALSE
	EndGlobalSection
	GlobalSection(ExtensibilityGlobals) = postSolution
		SolutionGuid = {F62F6189-EC2A-421A-8A4C-7FB6B90BCCBE}
	EndGlobalSection
EndGlobal
